
Microsoft Visual Studio Solution File, Format Version 12.00
# Visual Studio Version 17
VisualStudioVersion = 17.2.32516.85
MinimumVisualStudioVersion = 10.0.40219.1
Project("{9A19103F-16F7-4668-BE54-9A1E7A4F7556}") = "ICD.ABM.DigitalFutures22.Grasshopper", "ICD.ABM.DigitalFutures22.Grasshopper\ICD.ABM.DigitalFutures22.Grasshopper.csproj", "{C8B746B3-760D-4FAB-96D9-C2ED556B40A3}"
EndProject
Project("{9A19103F-16F7-4668-BE54-9A1E7A4F7556}") = "ICD.ABM.DigitalFutures22.Core", "ICD.ABM.DigitalFutures22.Core\ICD.ABM.DigitalFutures22.Core.csproj", "{833E543D-28A1-4145-8090-80D54F72C611}"
EndProject
Global
	GlobalSection(SolutionConfigurationPlatforms) = preSolution
		Debug|Any CPU = Debug|Any CPU
		Release|Any CPU = Release|Any CPU
	EndGlobalSection
	GlobalSection(ProjectConfigurationPlatforms) = postSolution
		{C8B746B3-760D-4FAB-96D9-C2ED556B40A3}.Debug|Any CPU.ActiveCfg = Debug|Any CPU
		{C8B746B3-760D-4FAB-96D9-C2ED556B40A3}.Debug|Any CPU.Build.0 = Debug|Any CPU
		{C8B746B3-760D-4FAB-96D9-C2ED556B40A3}.Release|Any CPU.ActiveCfg = Release|Any CPU
		{C8B746B3-760D-4FAB-96D9-C2ED556B40A3}.Release|Any CPU.Build.0 = Release|Any CPU
		{833E543D-28A1-4145-8090-80D54F72C611}.Debug|Any CPU.ActiveCfg = Debug|Any CPU
		{833E543D-28A1-4145-8090-80D54F72C611}.Debug|Any CPU.Build.0 = Debug|Any CPU
		{833E543D-28A1-4145-8090-80D54F72C611}.Release|Any CPU.ActiveCfg = Release|Any CPU
		{833E543D-28A1-4145-8090-80D54F72C611}.Release|Any CPU.Build.0 = Release|Any CPU
	EndGlobalSection
	GlobalSection(SolutionProperties) = preSolution
		HideSolutionNode = FALSE
	EndGlobalSection
	GlobalSection(ExtensibilityGlobals) = postSolution
		SolutionGuid = {FD0BDED1-3DFF-41EC-BD06-74B0D059ABB6}
	EndGlobalSection
EndGlobal
